
Microsoft Visual Studio Solution File, Format Version 12.00
# Visual Studio 2013
VisualStudioVersion = 12.0.21005.1
MinimumVisualStudioVersion = 10.0.40219.1
Project("{FAE04EC0-301F-11D3-BF4B-00C04F79EFBC}") = "SamplePlugin.App", "SamplePlugin.App\SamplePlugin.App.csproj", "{330ED4F8-4A32-4367-A952-3B121E381C53}"
	ProjectSection(ProjectDependencies) = postProject
		{E922581F-1D3F-4708-A9BE-E144951288DF} = {E922581F-1D3F-4708-A9BE-E144951288DF}
		{5BADFA34-0C84-42AB-AF20-ADC2F44B85D6} = {5BADFA34-0C84-42AB-AF20-ADC2F44B85D6}
	EndProjectSection
EndProject
Project("{FAE04EC0-301F-11D3-BF4B-00C04F79EFBC}") = "SamplePlugin.Api", "SamplePlugin.Api\SamplePlugin.Api.csproj", "{47D11973-1EE1-4A1A-B1C3-D239410C73E3}"
EndProject
Project("{2150E333-8FDC-42A3-9474-1A3956D46DE8}") = "Plugins", "Plugins", "{590D3EB9-62CC-4EA8-BBF1-8E5DB0437AEB}"
EndProject
Project("{FAE04EC0-301F-11D3-BF4B-00C04F79EFBC}") = "SamplePlugin.Catalog", "SamplePlugin.Catalog\SamplePlugin.Catalog.csproj", "{E922581F-1D3F-4708-A9BE-E144951288DF}"
EndProject
Project("{FAE04EC0-301F-11D3-BF4B-00C04F79EFBC}") = "SamplePlugin.Payment", "SamplePlugin.Payment\SamplePlugin.Payment.csproj", "{5BADFA34-0C84-42AB-AF20-ADC2F44B85D6}"
EndProject
Project("{FAE04EC0-301F-11D3-BF4B-00C04F79EFBC}") = "SamplePlugin.Catalog.Tests", "SamplePlugin.Catalog.Tests\SamplePlugin.Catalog.Tests.csproj", "{7C50BD9B-10E8-4772-96AA-EAEED847531F}"
EndProject
Project("{2150E333-8FDC-42A3-9474-1A3956D46DE8}") = "Catalog", "Catalog", "{6FE367E8-818E-4429-9875-66519B1978AF}"
EndProject
Project("{2150E333-8FDC-42A3-9474-1A3956D46DE8}") = "Payment", "Payment", "{A30B2757-C83B-4EA5-972A-2EE08C7D7DBF}"
EndProject
Project("{FAE04EC0-301F-11D3-BF4B-00C04F79EFBC}") = "SamplePlugin.Catalog.Api", "SamplePlugin.Catalog.Api\SamplePlugin.Catalog.Api.csproj", "{F969BFFF-C37A-462C-85CF-F74840487E26}"
EndProject
Project("{FAE04EC0-301F-11D3-BF4B-00C04F79EFBC}") = "SamplePlugin.Payment.Tests", "SamplePlugin.Payment.Tests\SamplePlugin.Payment.Tests.csproj", "{7FA23877-BAB5-4D30-8ECD-7FCC81C1E6EE}"
EndProject
Global
	GlobalSection(SolutionConfigurationPlatforms) = preSolution
		Debug|Any CPU = Debug|Any CPU
		Release|Any CPU = Release|Any CPU
	EndGlobalSection
	GlobalSection(ProjectConfigurationPlatforms) = postSolution
		{330ED4F8-4A32-4367-A952-3B121E381C53}.Debug|Any CPU.ActiveCfg = Debug|Any CPU
		{330ED4F8-4A32-4367-A952-3B121E381C53}.Debug|Any CPU.Build.0 = Debug|Any CPU
		{330ED4F8-4A32-4367-A952-3B121E381C53}.Release|Any CPU.ActiveCfg = Release|Any CPU
		{330ED4F8-4A32-4367-A952-3B121E381C53}.Release|Any CPU.Build.0 = Release|Any CPU
		{47D11973-1EE1-4A1A-B1C3-D239410C73E3}.Debug|Any CPU.ActiveCfg = Debug|Any CPU
		{47D11973-1EE1-4A1A-B1C3-D239410C73E3}.Debug|Any CPU.Build.0 = Debug|Any CPU
		{47D11973-1EE1-4A1A-B1C3-D239410C73E3}.Release|Any CPU.ActiveCfg = Release|Any CPU
		{47D11973-1EE1-4A1A-B1C3-D239410C73E3}.Release|Any CPU.Build.0 = Release|Any CPU
		{E922581F-1D3F-4708-A9BE-E144951288DF}.Debug|Any CPU.ActiveCfg = Debug|Any CPU
		{E922581F-1D3F-4708-A9BE-E144951288DF}.Debug|Any CPU.Build.0 = Debug|Any CPU
		{E922581F-1D3F-4708-A9BE-E144951288DF}.Release|Any CPU.ActiveCfg = Release|Any CPU
		{E922581F-1D3F-4708-A9BE-E144951288DF}.Release|Any CPU.Build.0 = Release|Any CPU
		{5BADFA34-0C84-42AB-AF20-ADC2F44B85D6}.Debug|Any CPU.ActiveCfg = Debug|Any CPU
		{5BADFA34-0C84-42AB-AF20-ADC2F44B85D6}.Debug|Any CPU.Build.0 = Debug|Any CPU
		{5BADFA34-0C84-42AB-AF20-ADC2F44B85D6}.Release|Any CPU.ActiveCfg = Release|Any CPU
		{5BADFA34-0C84-42AB-AF20-ADC2F44B85D6}.Release|Any CPU.Build.0 = Release|Any CPU
		{7C50BD9B-10E8-4772-96AA-EAEED847531F}.Debug|Any CPU.ActiveCfg = Debug|Any CPU
		{7C50BD9B-10E8-4772-96AA-EAEED847531F}.Debug|Any CPU.Build.0 = Debug|Any CPU
		{7C50BD9B-10E8-4772-96AA-EAEED847531F}.Release|Any CPU.ActiveCfg = Release|Any CPU
		{7C50BD9B-10E8-4772-96AA-EAEED847531F}.Release|Any CPU.Build.0 = Release|Any CPU
		{F969BFFF-C37A-462C-85CF-F74840487E26}.Debug|Any CPU.ActiveCfg = Debug|Any CPU
		{F969BFFF-C37A-462C-85CF-F74840487E26}.Debug|Any CPU.Build.0 = Debug|Any CPU
		{F969BFFF-C37A-462C-85CF-F74840487E26}.Release|Any CPU.ActiveCfg = Release|Any CPU
		{F969BFFF-C37A-462C-85CF-F74840487E26}.Release|Any CPU.Build.0 = Release|Any CPU
		{7FA23877-BAB5-4D30-8ECD-7FCC81C1E6EE}.Debug|Any CPU.ActiveCfg = Debug|Any CPU
		{7FA23877-BAB5-4D30-8ECD-7FCC81C1E6EE}.Debug|Any CPU.Build.0 = Debug|Any CPU
		{7FA23877-BAB5-4D30-8ECD-7FCC81C1E6EE}.Release|Any CPU.ActiveCfg = Release|Any CPU
		{7FA23877-BAB5-4D30-8ECD-7FCC81C1E6EE}.Release|Any CPU.Build.0 = Release|Any CPU
	EndGlobalSection
	GlobalSection(SolutionProperties) = preSolution
		HideSolutionNode = FALSE
	EndGlobalSection
	GlobalSection(NestedProjects) = preSolution
		{6FE367E8-818E-4429-9875-66519B1978AF} = {590D3EB9-62CC-4EA8-BBF1-8E5DB0437AEB}
		{A30B2757-C83B-4EA5-972A-2EE08C7D7DBF} = {590D3EB9-62CC-4EA8-BBF1-8E5DB0437AEB}
		{7C50BD9B-10E8-4772-96AA-EAEED847531F} = {6FE367E8-818E-4429-9875-66519B1978AF}
		{E922581F-1D3F-4708-A9BE-E144951288DF} = {6FE367E8-818E-4429-9875-66519B1978AF}
		{F969BFFF-C37A-462C-85CF-F74840487E26} = {6FE367E8-818E-4429-9875-66519B1978AF}
		{5BADFA34-0C84-42AB-AF20-ADC2F44B85D6} = {A30B2757-C83B-4EA5-972A-2EE08C7D7DBF}
		{7FA23877-BAB5-4D30-8ECD-7FCC81C1E6EE} = {A30B2757-C83B-4EA5-972A-2EE08C7D7DBF}
	EndGlobalSection
EndGlobal
